
Microsoft Visual Studio Solution File, Format Version 12.00
# Visual Studio 15
VisualStudioVersion = 15.0.28307.168
MinimumVisualStudioVersion = 10.0.40219.1
Project("{FAE04EC0-301F-11D3-BF4B-00C04F79EFBC}") = "BillsPaymentSystem.App", "BillsPaymentSystem.App\BillsPaymentSystem.App.csproj", "{E7DE2EF5-2F6D-41C4-9F61-B9A97C32548B}"
EndProject
Project("{FAE04EC0-301F-11D3-BF4B-00C04F79EFBC}") = "BillsPaymentSystem.Data", "BillsPaymentSystem.Data\BillsPaymentSystem.Data.csproj", "{83B0A82F-A1EB-48B2-A07E-F4472B416648}"
EndProject
Project("{FAE04EC0-301F-11D3-BF4B-00C04F79EFBC}") = "BillsPaymentSystem.Models", "BillsPaymentSystem.Models\BillsPaymentSystem.Models.csproj", "{A676F7F3-72D3-4FA9-AC85-C67A70BC3C60}"
EndProject
Global
	GlobalSection(SolutionConfigurationPlatforms) = preSolution
		Debug|Any CPU = Debug|Any CPU
		Release|Any CPU = Release|Any CPU
	EndGlobalSection
	GlobalSection(ProjectConfigurationPlatforms) = postSolution
		{E7DE2EF5-2F6D-41C4-9F61-B9A97C32548B}.Debug|Any CPU.ActiveCfg = Debug|Any CPU
		{E7DE2EF5-2F6D-41C4-9F61-B9A97C32548B}.Debug|Any CPU.Build.0 = Debug|Any CPU
		{E7DE2EF5-2F6D-41C4-9F61-B9A97C32548B}.Release|Any CPU.ActiveCfg = Release|Any CPU
		{E7DE2EF5-2F6D-41C4-9F61-B9A97C32548B}.Release|Any CPU.Build.0 = Release|Any CPU
		{83B0A82F-A1EB-48B2-A07E-F4472B416648}.Debug|Any CPU.ActiveCfg = Debug|Any CPU
		{83B0A82F-A1EB-48B2-A07E-F4472B416648}.Debug|Any CPU.Build.0 = Debug|Any CPU
		{83B0A82F-A1EB-48B2-A07E-F4472B416648}.Release|Any CPU.ActiveCfg = Release|Any CPU
		{83B0A82F-A1EB-48B2-A07E-F4472B416648}.Release|Any CPU.Build.0 = Release|Any CPU
		{A676F7F3-72D3-4FA9-AC85-C67A70BC3C60}.Debug|Any CPU.ActiveCfg = Debug|Any CPU
		{A676F7F3-72D3-4FA9-AC85-C67A70BC3C60}.Debug|Any CPU.Build.0 = Debug|Any CPU
		{A676F7F3-72D3-4FA9-AC85-C67A70BC3C60}.Release|Any CPU.ActiveCfg = Release|Any CPU
		{A676F7F3-72D3-4FA9-AC85-C67A70BC3C60}.Release|Any CPU.Build.0 = Release|Any CPU
	EndGlobalSection
	GlobalSection(SolutionProperties) = preSolution
		HideSolutionNode = FALSE
	EndGlobalSection
	GlobalSection(ExtensibilityGlobals) = postSolution
		SolutionGuid = {F1216C30-312F-4D73-A879-AB547682ECAA}
	EndGlobalSection
EndGlobal
