
Microsoft Visual Studio Solution File, Format Version 12.00
# Visual Studio 15
VisualStudioVersion = 15.0.28307.168
MinimumVisualStudioVersion = 10.0.40219.1
Project("{9A19103F-16F7-4668-BE54-9A1E7A4F7556}") = "P01_Initial_Setup", "P01_Initial_Setup\P01_Initial_Setup.csproj", "{1F9BEC69-30FC-4206-836C-460F26840D90}"
EndProject
Project("{9A19103F-16F7-4668-BE54-9A1E7A4F7556}") = "P02_Villain_Names", "P02_Villain_Names\P02_Villain_Names.csproj", "{CDD27B69-3FCA-4822-B698-C19DE2B42831}"
EndProject
Project("{9A19103F-16F7-4668-BE54-9A1E7A4F7556}") = "P03_Minion_Names", "P03_Minion_Names\P03_Minion_Names.csproj", "{19732CCC-065C-465F-ADCC-E0C0871D608D}"
EndProject
Project("{9A19103F-16F7-4668-BE54-9A1E7A4F7556}") = "P04_Add_Minion", "P04_Add_Minion\P04_Add_Minion.csproj", "{7F83B5CD-DA1C-4EF0-A391-26F86A7AC0C1}"
EndProject
Project("{9A19103F-16F7-4668-BE54-9A1E7A4F7556}") = "P05_Change_Town_Names_Casing", "P05_Change_Town_Names_Casing\P05_Change_Town_Names_Casing.csproj", "{D3D35052-1DB4-45C2-8EFB-42F85F7A7614}"
EndProject
Project("{9A19103F-16F7-4668-BE54-9A1E7A4F7556}") = "P06_Remove_Villain", "P06_Remove_Villain\P06_Remove_Villain.csproj", "{19E42490-C6ED-4B1E-A698-5CE1917C670F}"
EndProject
Project("{9A19103F-16F7-4668-BE54-9A1E7A4F7556}") = "P07_Print_All_Minion_Names", "P07_Print_All_Minion_Names\P07_Print_All_Minion_Names.csproj", "{AE775D77-61EF-4D51-AED0-B3CD91E77D7D}"
EndProject
Project("{9A19103F-16F7-4668-BE54-9A1E7A4F7556}") = "P08_Increase_Minion_Age", "P08_Increase_Minion_Age\P08_Increase_Minion_Age.csproj", "{108EFB25-B6F4-4DD0-B12A-AECCDEC9C3AB}"
EndProject
Project("{9A19103F-16F7-4668-BE54-9A1E7A4F7556}") = "P09_Increase_Age_Stored_Procedure", "P09_Increase_Age_Stored_Procedure\P09_Increase_Age_Stored_Procedure.csproj", "{59FEBAFD-D8A9-45A5-AE4C-4A787E0358A4}"
EndProject
Global
	GlobalSection(SolutionConfigurationPlatforms) = preSolution
		Debug|Any CPU = Debug|Any CPU
		Release|Any CPU = Release|Any CPU
	EndGlobalSection
	GlobalSection(ProjectConfigurationPlatforms) = postSolution
		{1F9BEC69-30FC-4206-836C-460F26840D90}.Debug|Any CPU.ActiveCfg = Debug|Any CPU
		{1F9BEC69-30FC-4206-836C-460F26840D90}.Debug|Any CPU.Build.0 = Debug|Any CPU
		{1F9BEC69-30FC-4206-836C-460F26840D90}.Release|Any CPU.ActiveCfg = Release|Any CPU
		{1F9BEC69-30FC-4206-836C-460F26840D90}.Release|Any CPU.Build.0 = Release|Any CPU
		{CDD27B69-3FCA-4822-B698-C19DE2B42831}.Debug|Any CPU.ActiveCfg = Debug|Any CPU
		{CDD27B69-3FCA-4822-B698-C19DE2B42831}.Debug|Any CPU.Build.0 = Debug|Any CPU
		{CDD27B69-3FCA-4822-B698-C19DE2B42831}.Release|Any CPU.ActiveCfg = Release|Any CPU
		{CDD27B69-3FCA-4822-B698-C19DE2B42831}.Release|Any CPU.Build.0 = Release|Any CPU
		{19732CCC-065C-465F-ADCC-E0C0871D608D}.Debug|Any CPU.ActiveCfg = Debug|Any CPU
		{19732CCC-065C-465F-ADCC-E0C0871D608D}.Debug|Any CPU.Build.0 = Debug|Any CPU
		{19732CCC-065C-465F-ADCC-E0C0871D608D}.Release|Any CPU.ActiveCfg = Release|Any CPU
		{19732CCC-065C-465F-ADCC-E0C0871D608D}.Release|Any CPU.Build.0 = Release|Any CPU
		{7F83B5CD-DA1C-4EF0-A391-26F86A7AC0C1}.Debug|Any CPU.ActiveCfg = Debug|Any CPU
		{7F83B5CD-DA1C-4EF0-A391-26F86A7AC0C1}.Debug|Any CPU.Build.0 = Debug|Any CPU
		{7F83B5CD-DA1C-4EF0-A391-26F86A7AC0C1}.Release|Any CPU.ActiveCfg = Release|Any CPU
		{7F83B5CD-DA1C-4EF0-A391-26F86A7AC0C1}.Release|Any CPU.Build.0 = Release|Any CPU
		{D3D35052-1DB4-45C2-8EFB-42F85F7A7614}.Debug|Any CPU.ActiveCfg = Debug|Any CPU
		{D3D35052-1DB4-45C2-8EFB-42F85F7A7614}.Debug|Any CPU.Build.0 = Debug|Any CPU
		{D3D35052-1DB4-45C2-8EFB-42F85F7A7614}.Release|Any CPU.ActiveCfg = Release|Any CPU
		{D3D35052-1DB4-45C2-8EFB-42F85F7A7614}.Release|Any CPU.Build.0 = Release|Any CPU
		{19E42490-C6ED-4B1E-A698-5CE1917C670F}.Debug|Any CPU.ActiveCfg = Debug|Any CPU
		{19E42490-C6ED-4B1E-A698-5CE1917C670F}.Debug|Any CPU.Build.0 = Debug|Any CPU
		{19E42490-C6ED-4B1E-A698-5CE1917C670F}.Release|Any CPU.ActiveCfg = Release|Any CPU
		{19E42490-C6ED-4B1E-A698-5CE1917C670F}.Release|Any CPU.Build.0 = Release|Any CPU
		{AE775D77-61EF-4D51-AED0-B3CD91E77D7D}.Debug|Any CPU.ActiveCfg = Debug|Any CPU
		{AE775D77-61EF-4D51-AED0-B3CD91E77D7D}.Debug|Any CPU.Build.0 = Debug|Any CPU
		{AE775D77-61EF-4D51-AED0-B3CD91E77D7D}.Release|Any CPU.ActiveCfg = Release|Any CPU
		{AE775D77-61EF-4D51-AED0-B3CD91E77D7D}.Release|Any CPU.Build.0 = Release|Any CPU
		{108EFB25-B6F4-4DD0-B12A-AECCDEC9C3AB}.Debug|Any CPU.ActiveCfg = Debug|Any CPU
		{108EFB25-B6F4-4DD0-B12A-AECCDEC9C3AB}.Debug|Any CPU.Build.0 = Debug|Any CPU
		{108EFB25-B6F4-4DD0-B12A-AECCDEC9C3AB}.Release|Any CPU.ActiveCfg = Release|Any CPU
		{108EFB25-B6F4-4DD0-B12A-AECCDEC9C3AB}.Release|Any CPU.Build.0 = Release|Any CPU
		{59FEBAFD-D8A9-45A5-AE4C-4A787E0358A4}.Debug|Any CPU.ActiveCfg = Debug|Any CPU
		{59FEBAFD-D8A9-45A5-AE4C-4A787E0358A4}.Debug|Any CPU.Build.0 = Debug|Any CPU
		{59FEBAFD-D8A9-45A5-AE4C-4A787E0358A4}.Release|Any CPU.ActiveCfg = Release|Any CPU
		{59FEBAFD-D8A9-45A5-AE4C-4A787E0358A4}.Release|Any CPU.Build.0 = Release|Any CPU
	EndGlobalSection
	GlobalSection(SolutionProperties) = preSolution
		HideSolutionNode = FALSE
	EndGlobalSection
	GlobalSection(ExtensibilityGlobals) = postSolution
		SolutionGuid = {7F6D0144-6CE1-4133-BF6D-15BE5BEC43F5}
	EndGlobalSection
EndGlobal
